# THIS IS AN AUTOGENERATED FILE. DO NOT EDIT THIS FILE DIRECTLY.
# yarn lockfile v1


"@babel/helper-annotate-as-pure@^7.22.5":
  version "7.22.5"
  resolved "https://registry.yarnpkg.com/@babel/helper-annotate-as-pure/-/helper-annotate-as-pure-7.22.5.tgz#e7f06737b197d580a01edf75d97e2c8be99d3882"
  integrity sha512-LvBTxu8bQSQkcyKOU+a1btnNFQ1dMAd0R6PyW3arXes06F6QLWLIrd681bxRPIXlrMGR3XYnW9JyML7dP3qgxg==
  dependencies:
    "@babel/types" "^7.22.5"

"@babel/helper-module-imports@^7.22.15":
  version "7.22.15"
  resolved "https://registry.yarnpkg.com/@babel/helper-module-imports/-/helper-module-imports-7.22.15.tgz#16146307acdc40cc00c3b2c647713076464bdbf0"
  integrity sha512-0pYVBnDKZO2fnSPCrgM/6WMc7eS20Fbok+0r88fp+YtWVLZrp4CkafFGIp+W0VKw4a22sgebPT99y+FDNMdP4w==
  dependencies:
    "@babel/types" "^7.22.15"

"@babel/helper-plugin-utils@^7.22.5":
  version "7.22.5"
  resolved "https://registry.yarnpkg.com/@babel/helper-plugin-utils/-/helper-plugin-utils-7.22.5.tgz#dd7ee3735e8a313b9f7b05a773d892e88e6d7295"
  integrity sha512-uLls06UVKgFG9QD4OeFYLEGteMIAa5kpTPcFL28yuCIIzsf6ZyKZMllKVOCZFhiZ5ptnwX4mtKdWCBE/uT4amg==

"@babel/helper-string-parser@^7.22.5":
  version "7.22.5"
  resolved "https://registry.yarnpkg.com/@babel/helper-string-parser/-/helper-string-parser-7.22.5.tgz#533f36457a25814cf1df6488523ad547d784a99f"
  integrity sha512-mM4COjgZox8U+JcXQwPijIZLElkgEpO5rsERVDJTc2qfCDfERyob6k5WegS14SX18IIjv+XD+GrqNumY5JRCDw==

"@babel/helper-validator-identifier@^7.22.20":
  version "7.22.20"
  resolved "https://registry.yarnpkg.com/@babel/helper-validator-identifier/-/helper-validator-identifier-7.22.20.tgz#c4ae002c61d2879e724581d96665583dbc1dc0e0"
  integrity sha512-Y4OZ+ytlatR8AI+8KZfKuL5urKp7qey08ha31L8b3BwewJAoJamTzyvxPR/5D+KkdJCGPq/+8TukHBlY10FX9A==

"@babel/helper-validator-option@^7.22.15":
  version "7.22.15"
  resolved "https://registry.yarnpkg.com/@babel/helper-validator-option/-/helper-validator-option-7.22.15.tgz#694c30dfa1d09a6534cdfcafbe56789d36aba040"
  integrity sha512-bMn7RmyFjY/mdECUbgn9eoSY4vqvacUnS9i9vGAGttgFWesO6B4CYWA7XlpbWgBt71iv/hfbPlynohStqnu5hA==

"@babel/plugin-syntax-jsx@^7.22.5":
  version "7.23.3"
  resolved "https://registry.yarnpkg.com/@babel/plugin-syntax-jsx/-/plugin-syntax-jsx-7.23.3.tgz#8f2e4f8a9b5f9aa16067e142c1ac9cd9f810f473"
  integrity sha512-EB2MELswq55OHUoRZLGg/zC7QWUKfNLpE57m/S2yr1uEneIgsTgrSzXP3NXEsMkVn76OlaVVnzN+ugObuYGwhg==
  dependencies:
    "@babel/helper-plugin-utils" "^7.22.5"

"@babel/plugin-transform-react-display-name@^7.23.3":
  version "7.23.3"
  resolved "https://registry.yarnpkg.com/@babel/plugin-transform-react-display-name/-/plugin-transform-react-display-name-7.23.3.tgz#70529f034dd1e561045ad3c8152a267f0d7b6200"
  integrity sha512-GnvhtVfA2OAtzdX58FJxU19rhoGeQzyVndw3GgtdECQvQFXPEZIOVULHVZGAYmOgmqjXpVpfocAbSjh99V/Fqw==
  dependencies:
    "@babel/helper-plugin-utils" "^7.22.5"

"@babel/plugin-transform-react-jsx-development@^7.22.5":
  version "7.22.5"
  resolved "https://registry.yarnpkg.com/@babel/plugin-transform-react-jsx-development/-/plugin-transform-react-jsx-development-7.22.5.tgz#e716b6edbef972a92165cd69d92f1255f7e73e87"
  integrity sha512-bDhuzwWMuInwCYeDeMzyi7TaBgRQei6DqxhbyniL7/VG4RSS7HtSL2QbY4eESy1KJqlWt8g3xeEBGPuo+XqC8A==
  dependencies:
    "@babel/plugin-transform-react-jsx" "^7.22.5"

"@babel/plugin-transform-react-jsx@^7.22.15", "@babel/plugin-transform-react-jsx@^7.22.5":
  version "7.22.15"
  resolved "https://registry.yarnpkg.com/@babel/plugin-transform-react-jsx/-/plugin-transform-react-jsx-7.22.15.tgz#7e6266d88705d7c49f11c98db8b9464531289cd6"
  integrity sha512-oKckg2eZFa8771O/5vi7XeTvmM6+O9cxZu+kanTU7tD4sin5nO/G8jGJhq8Hvt2Z0kUoEDRayuZLaUlYl8QuGA==
  dependencies:
    "@babel/helper-annotate-as-pure" "^7.22.5"
    "@babel/helper-module-imports" "^7.22.15"
    "@babel/helper-plugin-utils" "^7.22.5"
    "@babel/plugin-syntax-jsx" "^7.22.5"
    "@babel/types" "^7.22.15"

"@babel/plugin-transform-react-pure-annotations@^7.23.3":
  version "7.23.3"
  resolved "https://registry.yarnpkg.com/@babel/plugin-transform-react-pure-annotations/-/plugin-transform-react-pure-annotations-7.23.3.tgz#fabedbdb8ee40edf5da96f3ecfc6958e3783b93c"
  integrity sha512-qMFdSS+TUhB7Q/3HVPnEdYJDQIk57jkntAwSuz9xfSE4n+3I+vHYCli3HoHawN1Z3RfCz/y1zXA/JXjG6cVImQ==
  dependencies:
    "@babel/helper-annotate-as-pure" "^7.22.5"
    "@babel/helper-plugin-utils" "^7.22.5"

"@babel/preset-react@^7.23.3":
  version "7.23.3"
  resolved "https://registry.yarnpkg.com/@babel/preset-react/-/preset-react-7.23.3.tgz#f73ca07e7590f977db07eb54dbe46538cc015709"
  integrity sha512-tbkHOS9axH6Ysf2OUEqoSZ6T3Fa2SrNH6WTWSPBboxKzdxNc9qOICeLXkNG0ZEwbQ1HY8liwOce4aN/Ceyuq6w==
  dependencies:
    "@babel/helper-plugin-utils" "^7.22.5"
    "@babel/helper-validator-option" "^7.22.15"
    "@babel/plugin-transform-react-display-name" "^7.23.3"
    "@babel/plugin-transform-react-jsx" "^7.22.15"
    "@babel/plugin-transform-react-jsx-development" "^7.22.5"
    "@babel/plugin-transform-react-pure-annotations" "^7.23.3"

"@babel/types@^7.22.15", "@babel/types@^7.22.5":
  version "7.23.3"
  resolved "https://registry.yarnpkg.com/@babel/types/-/types-7.23.3.tgz#d5ea892c07f2ec371ac704420f4dcdb07b5f9598"
  integrity sha512-OZnvoH2l8PK5eUvEcUyCt/sXgr/h+UWpVuBbOljwcrAgUl6lpchoQ++PHGyQy1AtYnVA6CEq3y5xeEI10brpXw==
  dependencies:
    "@babel/helper-string-parser" "^7.22.5"
    "@babel/helper-validator-identifier" "^7.22.20"
    to-fast-properties "^2.0.0"

"@esbuild/android-arm64@0.19.6":
  version "0.19.6"
  resolved "https://registry.yarnpkg.com/@esbuild/android-arm64/-/android-arm64-0.19.6.tgz#13d98a34bbbde4237867cc232307a20ded139b6f"
  integrity sha512-KQ/hbe9SJvIJ4sR+2PcZ41IBV+LPJyYp6V1K1P1xcMRup9iYsBoQn4MzE3mhMLOld27Au2eDcLlIREeKGUXpHQ==

"@esbuild/android-arm@0.19.6":
  version "0.19.6"
  resolved "https://registry.yarnpkg.com/@esbuild/android-arm/-/android-arm-0.19.6.tgz#68898d949672c56f10451f540fd92301dc713fb3"
  integrity sha512-muPzBqXJKCbMYoNbb1JpZh/ynl0xS6/+pLjrofcR3Nad82SbsCogYzUE6Aq9QT3cLP0jR/IVK/NHC9b90mSHtg==

"@esbuild/android-x64@0.19.6":
  version "0.19.6"
  resolved "https://registry.yarnpkg.com/@esbuild/android-x64/-/android-x64-0.19.6.tgz#51a0ab83680dedc6dd1ae26133def26b178ed3a1"
  integrity sha512-VVJVZQ7p5BBOKoNxd0Ly3xUM78Y4DyOoFKdkdAe2m11jbh0LEU4bPles4e/72EMl4tapko8o915UalN/5zhspg==

"@esbuild/darwin-arm64@0.19.6":
  version "0.19.6"
  resolved "https://registry.yarnpkg.com/@esbuild/darwin-arm64/-/darwin-arm64-0.19.6.tgz#2883f14197111febb118c0463c080930a30883e5"
  integrity sha512-91LoRp/uZAKx6ESNspL3I46ypwzdqyDLXZH7x2QYCLgtnaU08+AXEbabY2yExIz03/am0DivsTtbdxzGejfXpA==

"@esbuild/darwin-x64@0.19.6":
  version "0.19.6"
  resolved "https://registry.yarnpkg.com/@esbuild/darwin-x64/-/darwin-x64-0.19.6.tgz#400bf20f9a35a7d68a17f5898c0f9ecb099f062b"
  integrity sha512-QCGHw770ubjBU1J3ZkFJh671MFajGTYMZumPs9E/rqU52md6lIil97BR0CbPq6U+vTh3xnTNDHKRdR8ggHnmxQ==

"@esbuild/freebsd-arm64@0.19.6":
  version "0.19.6"
  resolved "https://registry.yarnpkg.com/@esbuild/freebsd-arm64/-/freebsd-arm64-0.19.6.tgz#8af07bd848afa2470b8a2339b203ce29a721152b"
  integrity sha512-J53d0jGsDcLzWk9d9SPmlyF+wzVxjXpOH7jVW5ae7PvrDst4kiAz6sX+E8btz0GB6oH12zC+aHRD945jdjF2Vg==

"@esbuild/freebsd-x64@0.19.6":
  version "0.19.6"
  resolved "https://registry.yarnpkg.com/@esbuild/freebsd-x64/-/freebsd-x64-0.19.6.tgz#ae0230860e27df204a616671e028ff8fdffa009a"
  integrity sha512-hn9qvkjHSIB5Z9JgCCjED6YYVGCNpqB7dEGavBdG6EjBD8S/UcNUIlGcB35NCkMETkdYwfZSvD9VoDJX6VeUVA==

"@esbuild/linux-arm64@0.19.6":
  version "0.19.6"
  resolved "https://registry.yarnpkg.com/@esbuild/linux-arm64/-/linux-arm64-0.19.6.tgz#3042bc423a978deab44a72244b863f743fd9fda1"
  integrity sha512-HQCOrk9XlH3KngASLaBfHpcoYEGUt829A9MyxaI8RMkfRA8SakG6YQEITAuwmtzFdEu5GU4eyhKcpv27dFaOBg==

"@esbuild/linux-arm@0.19.6":
  version "0.19.6"
  resolved "https://registry.yarnpkg.com/@esbuild/linux-arm/-/linux-arm-0.19.6.tgz#50a537de609315979509120b0181882978294db1"
  integrity sha512-G8IR5zFgpXad/Zp7gr7ZyTKyqZuThU6z1JjmRyN1vSF8j0bOlGzUwFSMTbctLAdd7QHpeyu0cRiuKrqK1ZTwvQ==

"@esbuild/linux-ia32@0.19.6":
  version "0.19.6"
  resolved "https://registry.yarnpkg.com/@esbuild/linux-ia32/-/linux-ia32-0.19.6.tgz#f99c48b597facf9cbf8e1a2522ce379b2ad7b0c4"
  integrity sha512-22eOR08zL/OXkmEhxOfshfOGo8P69k8oKHkwkDrUlcB12S/sw/+COM4PhAPT0cAYW/gpqY2uXp3TpjQVJitz7w==

"@esbuild/linux-loong64@0.19.6":
  version "0.19.6"
  resolved "https://registry.yarnpkg.com/@esbuild/linux-loong64/-/linux-loong64-0.19.6.tgz#9fe79be31ce305564aa62da190f38e199d6d26b7"
  integrity sha512-82RvaYAh/SUJyjWA8jDpyZCHQjmEggL//sC7F3VKYcBMumQjUL3C5WDl/tJpEiKtt7XrWmgjaLkrk205zfvwTA==

"@esbuild/linux-mips64el@0.19.6":
  version "0.19.6"
  resolved "https://registry.yarnpkg.com/@esbuild/linux-mips64el/-/linux-mips64el-0.19.6.tgz#5a922dad90fc8a83fd0631c136b46128153ffb6f"
  integrity sha512-8tvnwyYJpR618vboIv2l8tK2SuK/RqUIGMfMENkeDGo3hsEIrpGldMGYFcWxWeEILe5Fi72zoXLmhZ7PR23oQA==

"@esbuild/linux-ppc64@0.19.6":
  version "0.19.6"
  resolved "https://registry.yarnpkg.com/@esbuild/linux-ppc64/-/linux-ppc64-0.19.6.tgz#a7fccf924824999b301546843adb4f51051965e8"
  integrity sha512-Qt+D7xiPajxVNk5tQiEJwhmarNnLPdjXAoA5uWMpbfStZB0+YU6a3CtbWYSy+sgAsnyx4IGZjWsTzBzrvg/fMA==

"@esbuild/linux-riscv64@0.19.6":
  version "0.19.6"
  resolved "https://registry.yarnpkg.com/@esbuild/linux-riscv64/-/linux-riscv64-0.19.6.tgz#41d2db11550662d6c03902d9d8d26b0ed5bb8d55"
  integrity sha512-lxRdk0iJ9CWYDH1Wpnnnc640ajF4RmQ+w6oHFZmAIYu577meE9Ka/DCtpOrwr9McMY11ocbp4jirgGgCi7Ls/g==

"@esbuild/linux-s390x@0.19.6":
  version "0.19.6"
  resolved "https://registry.yarnpkg.com/@esbuild/linux-s390x/-/linux-s390x-0.19.6.tgz#d7a843a2620e73c5c9d65c482e2fbddc7e0f7753"
  integrity sha512-MopyYV39vnfuykHanRWHGRcRC3AwU7b0QY4TI8ISLfAGfK+tMkXyFuyT1epw/lM0pflQlS53JoD22yN83DHZgA==

"@esbuild/linux-x64@0.19.6":
  version "0.19.6"
  resolved "https://registry.yarnpkg.com/@esbuild/linux-x64/-/linux-x64-0.19.6.tgz#d3f20f0c2bdaa1b9ed1c0df7db034771e7aa5234"
  integrity sha512-UWcieaBzsN8WYbzFF5Jq7QULETPcQvlX7KL4xWGIB54OknXJjBO37sPqk7N82WU13JGWvmDzFBi1weVBajPovg==

"@esbuild/netbsd-x64@0.19.6":
  version "0.19.6"
  resolved "https://registry.yarnpkg.com/@esbuild/netbsd-x64/-/netbsd-x64-0.19.6.tgz#6108d7270599ee37cd57bb14e4516a83541885d5"
  integrity sha512-EpWiLX0fzvZn1wxtLxZrEW+oQED9Pwpnh+w4Ffv8ZLuMhUoqR9q9rL4+qHW8F4Mg5oQEKxAoT0G+8JYNqCiR6g==

"@esbuild/openbsd-x64@0.19.6":
  version "0.19.6"
  resolved "https://registry.yarnpkg.com/@esbuild/openbsd-x64/-/openbsd-x64-0.19.6.tgz#b1b5aaa2c9028e90a2bef6774a9c67451f53f164"
  integrity sha512-fFqTVEktM1PGs2sLKH4M5mhAVEzGpeZJuasAMRnvDZNCV0Cjvm1Hu35moL2vC0DOrAQjNTvj4zWrol/lwQ8Deg==

"@esbuild/sunos-x64@0.19.6":
  version "0.19.6"
  resolved "https://registry.yarnpkg.com/@esbuild/sunos-x64/-/sunos-x64-0.19.6.tgz#b51b648cea77c62b1934a4fdcfee7aaa9de174cb"
  integrity sha512-M+XIAnBpaNvaVAhbe3uBXtgWyWynSdlww/JNZws0FlMPSBy+EpatPXNIlKAdtbFVII9OpX91ZfMb17TU3JKTBA==

"@esbuild/win32-arm64@0.19.6":
  version "0.19.6"
  resolved "https://registry.yarnpkg.com/@esbuild/win32-arm64/-/win32-arm64-0.19.6.tgz#34e5665f239047c302c8d153406c87db22afd58a"
  integrity sha512-2DchFXn7vp/B6Tc2eKdTsLzE0ygqKkNUhUBCNtMx2Llk4POIVMUq5rUYjdcedFlGLeRe1uLCpVvCmE+G8XYybA==

"@esbuild/win32-ia32@0.19.6":
  version "0.19.6"
  resolved "https://registry.yarnpkg.com/@esbuild/win32-ia32/-/win32-ia32-0.19.6.tgz#f7aaebe325e67f44c0a738e80a98221504677b4a"
  integrity sha512-PBo/HPDQllyWdjwAVX+Gl2hH0dfBydL97BAH/grHKC8fubqp02aL4S63otZ25q3sBdINtOBbz1qTZQfXbP4VBg==

"@esbuild/win32-x64@0.19.6":
  version "0.19.6"
  resolved "https://registry.yarnpkg.com/@esbuild/win32-x64/-/win32-x64-0.19.6.tgz#7134e5dea1f5943b013e96fc34f9638a5f3d7e3e"
  integrity sha512-OE7yIdbDif2kKfrGa+V0vx/B3FJv2L4KnIiLlvtibPyO9UkgO3rzYE0HhpREo2vmJ1Ixq1zwm9/0er+3VOSZJA==

"@types/json-schema@^7.0.9":
  version "7.0.15"
  resolved "https://registry.yarnpkg.com/@types/json-schema/-/json-schema-7.0.15.tgz#596a1747233694d50f6ad8a7869fcb6f56cf5841"
  integrity sha512-5+fP8P8MFNC+AyZCDxrB2pkZFPGzqQWUzpSeuuVLvm8VMcorNYavBqoFcxK8bQz4Qsbn4oUEEem4wDLfcysGHA==

ajv-formats@^2.1.1:
  version "2.1.1"
  resolved "https://registry.yarnpkg.com/ajv-formats/-/ajv-formats-2.1.1.tgz#6e669400659eb74973bbf2e33327180a0996b520"
  integrity sha512-Wx0Kx52hxE7C18hkMEggYlEifqWZtYaRgouJor+WMdPnQyEK13vgEWyVNup7SoeeoLMsr4kf5h6dOW11I15MUA==
  dependencies:
    ajv "^8.0.0"

ajv-keywords@^5.1.0:
  version "5.1.0"
  resolved "https://registry.yarnpkg.com/ajv-keywords/-/ajv-keywords-5.1.0.tgz#69d4d385a4733cdbeab44964a1170a88f87f0e16"
  integrity sha512-YCS/JNFAUyr5vAuhk1DWm1CBxRHW9LbJ2ozWeemrIqpbsqKjHVxYPyi5GC0rjZIT5JxJ3virVTS8wk4i/Z+krw==
  dependencies:
    fast-deep-equal "^3.1.3"

ajv@^8.0.0, ajv@^8.9.0:
  version "8.12.0"
  resolved "https://registry.yarnpkg.com/ajv/-/ajv-8.12.0.tgz#d1a0527323e22f53562c567c00991577dfbe19d1"
  integrity sha512-sRu1kpcO9yLtYxBKvqfTeh9KzZEwO3STyX1HT+4CaDzC6HpTGYhIhPIzj9XuKU7KYDwnaeh5hcOwjy1QuJzBPA==
  dependencies:
    fast-deep-equal "^3.1.1"
    json-schema-traverse "^1.0.0"
    require-from-string "^2.0.2"
    uri-js "^4.2.2"

babel-loader@^9.1.3:
  version "9.1.3"
  resolved "https://registry.yarnpkg.com/babel-loader/-/babel-loader-9.1.3.tgz#3d0e01b4e69760cc694ee306fe16d358aa1c6f9a"
  integrity sha512-xG3ST4DglodGf8qSwv0MdeWLhrDsw/32QMdTO5T1ZIp9gQur0HkCyFs7Awskr10JKXFXwpAhiCuYX5oGXnRGbw==
  dependencies:
    find-cache-dir "^4.0.0"
    schema-utils "^4.0.0"

babel-plugin-transform-react-remove-prop-types@^0.4.24:
  version "0.4.24"
  resolved "https://registry.yarnpkg.com/babel-plugin-transform-react-remove-prop-types/-/babel-plugin-transform-react-remove-prop-types-0.4.24.tgz#f2edaf9b4c6a5fbe5c1d678bfb531078c1555f3a"
  integrity sha512-eqj0hVcJUR57/Ug2zE1Yswsw4LhuqqHhD+8v120T1cl3kjg76QwtyBrdIk4WVwK+lAhBJVYCd/v+4nc4y+8JsA==

common-path-prefix@^3.0.0:
  version "3.0.0"
  resolved "https://registry.yarnpkg.com/common-path-prefix/-/common-path-prefix-3.0.0.tgz#7d007a7e07c58c4b4d5f433131a19141b29f11e0"
  integrity sha512-QE33hToZseCH3jS0qN96O/bSh3kaw/h+Tq7ngyY9eWDUnTlTNUyqfqvCXioLe5Na5jFsL78ra/wuBU4iuEgd4w==

esbuild@^0.19.6:
  version "0.19.6"
  resolved "https://registry.yarnpkg.com/esbuild/-/esbuild-0.19.6.tgz#baa0e8b6b9e655c54ffd57f1772e44677a7931cc"
  integrity sha512-Xl7dntjA2OEIvpr9j0DVxxnog2fyTGnyVoQXAMQI6eR3mf9zCQds7VIKUDCotDgE/p4ncTgeRqgX8t5d6oP4Gw==
  optionalDependencies:
    "@esbuild/android-arm" "0.19.6"
    "@esbuild/android-arm64" "0.19.6"
    "@esbuild/android-x64" "0.19.6"
    "@esbuild/darwin-arm64" "0.19.6"
    "@esbuild/darwin-x64" "0.19.6"
    "@esbuild/freebsd-arm64" "0.19.6"
    "@esbuild/freebsd-x64" "0.19.6"
    "@esbuild/linux-arm" "0.19.6"
    "@esbuild/linux-arm64" "0.19.6"
    "@esbuild/linux-ia32" "0.19.6"
    "@esbuild/linux-loong64" "0.19.6"
    "@esbuild/linux-mips64el" "0.19.6"
    "@esbuild/linux-ppc64" "0.19.6"
    "@esbuild/linux-riscv64" "0.19.6"
    "@esbuild/linux-s390x" "0.19.6"
    "@esbuild/linux-x64" "0.19.6"
    "@esbuild/netbsd-x64" "0.19.6"
    "@esbuild/openbsd-x64" "0.19.6"
    "@esbuild/sunos-x64" "0.19.6"
    "@esbuild/win32-arm64" "0.19.6"
    "@esbuild/win32-ia32" "0.19.6"
    "@esbuild/win32-x64" "0.19.6"

fast-deep-equal@^3.1.1, fast-deep-equal@^3.1.3:
  version "3.1.3"
  resolved "https://registry.yarnpkg.com/fast-deep-equal/-/fast-deep-equal-3.1.3.tgz#3a7d56b559d6cbc3eb512325244e619a65c6c525"
  integrity sha512-f3qQ9oQy9j2AhBe/H9VC91wLmKBCCU/gDOnKNAYG5hswO7BLKj09Hc5HYNz9cGI++xlpDCIgDaitVs03ATR84Q==

find-cache-dir@^4.0.0:
  version "4.0.0"
  resolved "https://registry.yarnpkg.com/find-cache-dir/-/find-cache-dir-4.0.0.tgz#a30ee0448f81a3990708f6453633c733e2f6eec2"
  integrity sha512-9ZonPT4ZAK4a+1pUPVPZJapbi7O5qbbJPdYw/NOQWZZbVLdDTYM3A4R9z/DpAM08IDaFGsvPgiGZ82WEwUDWjg==
  dependencies:
    common-path-prefix "^3.0.0"
    pkg-dir "^7.0.0"

find-up@^6.3.0:
  version "6.3.0"
  resolved "https://registry.yarnpkg.com/find-up/-/find-up-6.3.0.tgz#2abab3d3280b2dc7ac10199ef324c4e002c8c790"
  integrity sha512-v2ZsoEuVHYy8ZIlYqwPe/39Cy+cFDzp4dXPaxNvkEuouymu+2Jbz0PxpKarJHYJTmv2HWT3O382qY8l4jMWthw==
  dependencies:
    locate-path "^7.1.0"
    path-exists "^5.0.0"

"js-tokens@^3.0.0 || ^4.0.0":
  version "4.0.0"
  resolved "https://registry.yarnpkg.com/js-tokens/-/js-tokens-4.0.0.tgz#19203fb59991df98e3a287050d4647cdeaf32499"
  integrity sha512-RdJUflcE3cUzKiMqQgsCu06FPu9UdIJO0beYbPhHN4k6apgJtifcoCtT9bcxOpYBtpD2kCM6Sbzg4CausW/PKQ==

json-schema-traverse@^1.0.0:
  version "1.0.0"
  resolved "https://registry.yarnpkg.com/json-schema-traverse/-/json-schema-traverse-1.0.0.tgz#ae7bcb3656ab77a73ba5c49bf654f38e6b6860e2"
  integrity sha512-NM8/P9n3XjXhIZn1lLhkFaACTOURQXjWhV4BA/RnOv8xvgqtqpAX9IO4mRQxSx1Rlo4tqzeqb0sOlruaOy3dug==

locate-path@^7.1.0:
  version "7.2.0"
  resolved "https://registry.yarnpkg.com/locate-path/-/locate-path-7.2.0.tgz#69cb1779bd90b35ab1e771e1f2f89a202c2a8a8a"
  integrity sha512-gvVijfZvn7R+2qyPX8mAuKcFGDf6Nc61GdvGafQsHL0sBIxfKzA+usWn4GFC/bk+QdwPUD4kWFJLhElipq+0VA==
  dependencies:
    p-locate "^6.0.0"

loose-envify@^1.1.0, loose-envify@^1.4.0:
  version "1.4.0"
  resolved "https://registry.yarnpkg.com/loose-envify/-/loose-envify-1.4.0.tgz#71ee51fa7be4caec1a63839f7e682d8132d30caf"
  integrity sha512-lyuxPGr/Wfhrlem2CL/UcnUc1zcqKAImBDzukY7Y5F/yQiNdko6+fRLevlw1HgMySw7f611UIY408EtxRSoK3Q==
  dependencies:
    js-tokens "^3.0.0 || ^4.0.0"

object-assign@^4.1.1:
  version "4.1.1"
  resolved "https://registry.yarnpkg.com/object-assign/-/object-assign-4.1.1.tgz#2109adc7965887cfc05cbbd442cac8bfbb360863"
  integrity sha512-rJgTQnkUnH1sFw8yT6VSU3zD3sWmu6sZhIseY8VX+GRu3P6F7Fu+JNDoXfklElbLJSnc3FUQHVe4cU5hj+BcUg==

p-limit@^4.0.0:
  version "4.0.0"
  resolved "https://registry.yarnpkg.com/p-limit/-/p-limit-4.0.0.tgz#914af6544ed32bfa54670b061cafcbd04984b644"
  integrity sha512-5b0R4txpzjPWVw/cXXUResoD4hb6U/x9BH08L7nw+GN1sezDzPdxeRvpc9c433fZhBan/wusjbCsqwqm4EIBIQ==
  dependencies:
    yocto-queue "^1.0.0"

p-locate@^6.0.0:
  version "6.0.0"
  resolved "https://registry.yarnpkg.com/p-locate/-/p-locate-6.0.0.tgz#3da9a49d4934b901089dca3302fa65dc5a05c04f"
  integrity sha512-wPrq66Llhl7/4AGC6I+cqxT07LhXvWL08LNXz1fENOw0Ap4sRZZ/gZpTTJ5jpurzzzfS2W/Ge9BY3LgLjCShcw==
  dependencies:
    p-limit "^4.0.0"

path-exists@^5.0.0:
  version "5.0.0"
  resolved "https://registry.yarnpkg.com/path-exists/-/path-exists-5.0.0.tgz#a6aad9489200b21fab31e49cf09277e5116fb9e7"
  integrity sha512-RjhtfwJOxzcFmNOi6ltcbcu4Iu+FL3zEj83dk4kAS+fVpTxXLO1b38RvJgT/0QwvV/L3aY9TAnyv0EOqW4GoMQ==

pkg-dir@^7.0.0:
  version "7.0.0"
  resolved "https://registry.yarnpkg.com/pkg-dir/-/pkg-dir-7.0.0.tgz#8f0c08d6df4476756c5ff29b3282d0bab7517d11"
  integrity sha512-Ie9z/WINcxxLp27BKOCHGde4ITq9UklYKDzVo1nhk5sqGEXU3FpkwP5GM2voTGJkGd9B3Otl+Q4uwSOeSUtOBA==
  dependencies:
    find-up "^6.3.0"

prop-types@^15.8.1:
  version "15.8.1"
  resolved "https://registry.yarnpkg.com/prop-types/-/prop-types-15.8.1.tgz#67d87bf1a694f48435cf332c24af10214a3140b5"
  integrity sha512-oj87CgZICdulUohogVAR7AjlC0327U4el4L6eAvOqCeudMDVU0NThNaV+b9Df4dXgSP1gXMTnPdhfe/2qDH5cg==
  dependencies:
    loose-envify "^1.4.0"
    object-assign "^4.1.1"
    react-is "^16.13.1"

punycode@^2.1.0:
  version "2.3.1"
  resolved "https://registry.yarnpkg.com/punycode/-/punycode-2.3.1.tgz#027422e2faec0b25e1549c3e1bd8309b9133b6e5"
  integrity sha512-vYt7UD1U9Wg6138shLtLOvdAu+8DsC/ilFtEVHcH+wydcSpNE20AfSOduf6MkRFahL5FY7X1oU7nKVZFtfq8Fg==

react-dom@^18.2.0:
  version "18.2.0"
  resolved "https://registry.yarnpkg.com/react-dom/-/react-dom-18.2.0.tgz#22aaf38708db2674ed9ada224ca4aa708d821e3d"
  integrity sha512-6IMTriUmvsjHUjNtEDudZfuDQUoWXVxKHhlEGSk81n4YFS+r/Kl99wXiwlVXtPBtJenozv2P+hxDsw9eA7Xo6g==
  dependencies:
    loose-envify "^1.1.0"
    scheduler "^0.23.0"

react-is@^16.13.1:
  version "16.13.1"
  resolved "https://registry.yarnpkg.com/react-is/-/react-is-16.13.1.tgz#789729a4dc36de2999dc156dd6c1d9c18cea56a4"
  integrity sha512-24e6ynE2H+OKt4kqsOvNd8kBpV65zoxbA4BVsEOB3ARVWQki/DHzaUoC5KuON/BiccDaCCTZBuOcfZs70kR8bQ==

react@^18.2.0:
  version "18.2.0"
  resolved "https://registry.yarnpkg.com/react/-/react-18.2.0.tgz#555bd98592883255fa00de14f1151a917b5d77d5"
  integrity sha512-/3IjMdb2L9QbBdWiW5e3P2/npwMBaU9mHCSCUzNln0ZCYbcfTsGbTJrU/kGemdH2IWmB2ioZ+zkxtmq6g09fGQ==
  dependencies:
    loose-envify "^1.1.0"

require-from-string@^2.0.2:
  version "2.0.2"
  resolved "https://registry.yarnpkg.com/require-from-string/-/require-from-string-2.0.2.tgz#89a7fdd938261267318eafe14f9c32e598c36909"
  integrity sha512-Xf0nWe6RseziFMu+Ap9biiUbmplq6S9/p+7w7YXP/JBHhrUDDUhwa+vANyubuqfZWTveU//DYVGsDG7RKL/vEw==

scheduler@^0.23.0:
  version "0.23.0"
  resolved "https://registry.yarnpkg.com/scheduler/-/scheduler-0.23.0.tgz#ba8041afc3d30eb206a487b6b384002e4e61fdfe"
  integrity sha512-CtuThmgHNg7zIZWAXi3AsyIzA3n4xx7aNyjwC2VJldO2LMVDhFK+63xGqq6CsJH4rTAt6/M+N4GhZiDYPx9eUw==
  dependencies:
    loose-envify "^1.1.0"

schema-utils@^4.0.0:
  version "4.2.0"
  resolved "https://registry.yarnpkg.com/schema-utils/-/schema-utils-4.2.0.tgz#70d7c93e153a273a805801882ebd3bff20d89c8b"
  integrity sha512-L0jRsrPpjdckP3oPug3/VxNKt2trR8TcabrM6FOAAlvC/9Phcmm+cuAgTlxBqdBR1WJx7Naj9WHw+aOmheSVbw==
  dependencies:
    "@types/json-schema" "^7.0.9"
    ajv "^8.9.0"
    ajv-formats "^2.1.1"
    ajv-keywords "^5.1.0"

to-fast-properties@^2.0.0:
  version "2.0.0"
  resolved "https://registry.yarnpkg.com/to-fast-properties/-/to-fast-properties-2.0.0.tgz#dc5e698cbd079265bc73e0377681a4e4e83f616e"
  integrity sha512-/OaKK0xYrs3DmxRYqL/yDc+FxFUVYhDlXMhRmv3z915w2HF1tnN1omB354j8VUGO/hbRzyD6Y3sA7v7GS/ceog==

uri-js@^4.2.2:
  version "4.4.1"
  resolved "https://registry.yarnpkg.com/uri-js/-/uri-js-4.4.1.tgz#9b1a52595225859e55f669d928f88c6c57f2a77e"
  integrity sha512-7rKUyy33Q1yc98pQ1DAmLtwX109F7TIfWlW1Ydo8Wl1ii1SeHieeh0HHfPeL2fMXK6z0s8ecKs9frCuLJvndBg==
  dependencies:
    punycode "^2.1.0"

yocto-queue@^1.0.0:
  version "1.0.0"
  resolved "https://registry.yarnpkg.com/yocto-queue/-/yocto-queue-1.0.0.tgz#7f816433fb2cbc511ec8bf7d263c3b58a1a3c251"
  integrity sha512-9bnSc/HEW2uRy67wc+T8UwauLuPJVn28jb+GtJY16iiKWyvmYJRXVT4UamsAEGQfPohgr2q4Tq0sQbQlxTfi1g==
